
Microsoft Visual Studio Solution File, Format Version 12.00
# Visual Studio 15
VisualStudioVersion = 15.0.28307.168
MinimumVisualStudioVersion = 10.0.40219.1
Project("{FAE04EC0-301F-11D3-BF4B-00C04F79EFBC}") = "c0725450", "c0725450\c0725450.csproj", "{F353C6D7-C708-4C77-AF12-AE72589915B0}"
EndProject
Global
	GlobalSection(SolutionConfigurationPlatforms) = preSolution
		Debug|Any CPU = Debug|Any CPU
		Release|Any CPU = Release|Any CPU
	EndGlobalSection
	GlobalSection(ProjectConfigurationPlatforms) = postSolution
		{F353C6D7-C708-4C77-AF12-AE72589915B0}.Debug|Any CPU.ActiveCfg = Debug|Any CPU
		{F353C6D7-C708-4C77-AF12-AE72589915B0}.Debug|Any CPU.Build.0 = Debug|Any CPU
		{F353C6D7-C708-4C77-AF12-AE72589915B0}.Release|Any CPU.ActiveCfg = Release|Any CPU
		{F353C6D7-C708-4C77-AF12-AE72589915B0}.Release|Any CPU.Build.0 = Release|Any CPU
	EndGlobalSection
	GlobalSection(SolutionProperties) = preSolution
		HideSolutionNode = FALSE
	EndGlobalSection
	GlobalSection(ExtensibilityGlobals) = postSolution
		SolutionGuid = {1B533A13-4841-4661-A2EB-7CAC5489E00F}
	EndGlobalSection
EndGlobal
